
Microsoft Visual Studio Solution File, Format Version 12.00
# Visual Studio 15
VisualStudioVersion = 15.0.27703.2018
MinimumVisualStudioVersion = 10.0.40219.1
Project("{9A19103F-16F7-4668-BE54-9A1E7A4F7556}") = "TheCoreBanking.Customer", "TheCoreBanking.Customer.csproj", "{8E5F1B52-6D73-4D49-9A20-4E3A9D92DB04}"
EndProject
Project("{9A19103F-16F7-4668-BE54-9A1E7A4F7556}") = "TheCoreBanking.Customer.Data", "..\TheCoreBanking.Customer.Data\TheCoreBanking.Customer.Data.csproj", "{5BE13446-3ED1-4BA1-829E-FC75A77A8825}"
EndProject
Global
	GlobalSection(SolutionConfigurationPlatforms) = preSolution
		Debug|Any CPU = Debug|Any CPU
		Release|Any CPU = Release|Any CPU
	EndGlobalSection
	GlobalSection(ProjectConfigurationPlatforms) = postSolution
		{8E5F1B52-6D73-4D49-9A20-4E3A9D92DB04}.Debug|Any CPU.ActiveCfg = Debug|Any CPU
		{8E5F1B52-6D73-4D49-9A20-4E3A9D92DB04}.Debug|Any CPU.Build.0 = Debug|Any CPU
		{8E5F1B52-6D73-4D49-9A20-4E3A9D92DB04}.Release|Any CPU.ActiveCfg = Release|Any CPU
		{8E5F1B52-6D73-4D49-9A20-4E3A9D92DB04}.Release|Any CPU.Build.0 = Release|Any CPU
		{5BE13446-3ED1-4BA1-829E-FC75A77A8825}.Debug|Any CPU.ActiveCfg = Debug|Any CPU
		{5BE13446-3ED1-4BA1-829E-FC75A77A8825}.Debug|Any CPU.Build.0 = Debug|Any CPU
		{5BE13446-3ED1-4BA1-829E-FC75A77A8825}.Release|Any CPU.ActiveCfg = Release|Any CPU
		{5BE13446-3ED1-4BA1-829E-FC75A77A8825}.Release|Any CPU.Build.0 = Release|Any CPU
	EndGlobalSection
	GlobalSection(SolutionProperties) = preSolution
		HideSolutionNode = FALSE
	EndGlobalSection
	GlobalSection(ExtensibilityGlobals) = postSolution
		SolutionGuid = {94586B36-D639-4C9B-B681-9B3C8ABBC911}
	EndGlobalSection
	GlobalSection(TeamFoundationVersionControl) = preSolution
		SccNumberOfProjects = 3
		SccEnterpriseProvider = {4CA58AB2-18FA-4F8D-95D4-32DDF27D184C}
		SccTeamFoundationServer = http://bankingplatform:2805/teamwork/thecorebankingcollection
		SccLocalPath0 = .
		SccProjectUniqueName1 = ..\\TheCoreBanking.Customer.Data\\TheCoreBanking.Customer.Data.csproj
		SccProjectName1 = ../TheCoreBanking.Customer.Data
		SccLocalPath1 = ..\\TheCoreBanking.Customer.Data
		SccProjectUniqueName2 = TheCoreBanking.Customer.csproj
		SccLocalPath2 = .
	EndGlobalSection
EndGlobal
